// !$*UTF8*$!
{
	archiveVersion = 1;
	classes = {
	};
	objectVersion = 56;
	objects = {

/* Begin PBXBuildFile section */
		DA1DC4BE293E5C4E00DC5143 /* GraphQL_StarWarsApp.swift in Sources */ = {isa = PBXBuildFile; fileRef = DA1DC4BD293E5C4E00DC5143 /* GraphQL_StarWarsApp.swift */; };
		DA1DC4C0293E5C4E00DC5143 /* ContentView.swift in Sources */ = {isa = PBXBuildFile; fileRef = DA1DC4BF293E5C4E00DC5143 /* ContentView.swift */; };
		DA1DC4C2293E5C5000DC5143 /* Assets.xcassets in Resources */ = {isa = PBXBuildFile; fileRef = DA1DC4C1293E5C5000DC5143 /* Assets.xcassets */; };
		DA1DC4C5293E5C5000DC5143 /* Preview Assets.xcassets in Resources */ = {isa = PBXBuildFile; fileRef = DA1DC4C4293E5C5000DC5143 /* Preview Assets.xcassets */; };
		DA1DC4CD293E5E5700DC5143 /* Apollo in Frameworks */ = {isa = PBXBuildFile; productRef = DA1DC4CC293E5E5700DC5143 /* Apollo */; };
		DA27ED81293E646100BE3AC2 /* StarWarsAPI in Frameworks */ = {isa = PBXBuildFile; productRef = DA27ED80293E646100BE3AC2 /* StarWarsAPI */; };
		DA27ED83293E654100BE3AC2 /* Network.swift in Sources */ = {isa = PBXBuildFile; fileRef = DA27ED82293E654100BE3AC2 /* Network.swift */; };
		DAEC6C42293E60E2000DC018 /* star-wars-swapi@current.graphqls in Resources */ = {isa = PBXBuildFile; fileRef = DAEC6C41293E60E1000DC018 /* star-wars-swapi@current.graphqls */; };
		DAEC6C45293E611B000DC018 /* Query.graphql in Resources */ = {isa = PBXBuildFile; fileRef = DAEC6C44293E611B000DC018 /* Query.graphql */; };
/* End PBXBuildFile section */

/* Begin PBXFileReference section */
		DA1DC4BA293E5C4E00DC5143 /* GraphQL-StarWars.app */ = {isa = PBXFileReference; explicitFileType = wrapper.application; includeInIndex = 0; path = "GraphQL-StarWars.app"; sourceTree = BUILT_PRODUCTS_DIR; };
		DA1DC4BD293E5C4E00DC5143 /* GraphQL_StarWarsApp.swift */ = {isa = PBXFileReference; lastKnownFileType = sourcecode.swift; path = GraphQL_StarWarsApp.swift; sourceTree = "<group>"; };
		DA1DC4BF293E5C4E00DC5143 /* ContentView.swift */ = {isa = PBXFileReference; lastKnownFileType = sourcecode.swift; path = ContentView.swift; sourceTree = "<group>"; };
		DA1DC4C1293E5C5000DC5143 /* Assets.xcassets */ = {isa = PBXFileReference; lastKnownFileType = folder.assetcatalog; path = Assets.xcassets; sourceTree = "<group>"; };
		DA1DC4C4293E5C5000DC5143 /* Preview Assets.xcassets */ = {isa = PBXFileReference; lastKnownFileType = folder.assetcatalog; path = "Preview Assets.xcassets"; sourceTree = "<group>"; };
		DA27ED7E293E640E00BE3AC2 /* StarWarsAPI */ = {isa = PBXFileReference; lastKnownFileType = wrapper; path = StarWarsAPI; sourceTree = "<group>"; };
		DA27ED82293E654100BE3AC2 /* Network.swift */ = {isa = PBXFileReference; lastKnownFileType = sourcecode.swift; path = Network.swift; sourceTree = "<group>"; };
		DAEC6C41293E60E1000DC018 /* star-wars-swapi@current.graphqls */ = {isa = PBXFileReference; fileEncoding = 4; lastKnownFileType = text; path = "star-wars-swapi@current.graphqls"; sourceTree = "<group>"; };
		DAEC6C44293E611B000DC018 /* Query.graphql */ = {isa = PBXFileReference; lastKnownFileType = text; path = Query.graphql; sourceTree = "<group>"; };
/* End PBXFileReference section */

/* Begin PBXFrameworksBuildPhase section */
		DA1DC4B7293E5C4E00DC5143 /* Frameworks */ = {
			isa = PBXFrameworksBuildPhase;
			buildActionMask = 2147483647;
			files = (
				DA27ED81293E646100BE3AC2 /* StarWarsAPI in Frameworks */,
				DA1DC4CD293E5E5700DC5143 /* Apollo in Frameworks */,
			);
			runOnlyForDeploymentPostprocessing = 0;
		};
/* End PBXFrameworksBuildPhase section */

/* Begin PBXGroup section */
		DA1DC4B1293E5C4E00DC5143 = {
			isa = PBXGroup;
			children = (
				DA27ED7D293E640E00BE3AC2 /* Packages */,
				DA1DC4BC293E5C4E00DC5143 /* GraphQL-StarWars */,
				DA1DC4BB293E5C4E00DC5143 /* Products */,
				DA27ED7F293E646100BE3AC2 /* Frameworks */,
			);
			sourceTree = "<group>";
		};
		DA1DC4BB293E5C4E00DC5143 /* Products */ = {
			isa = PBXGroup;
			children = (
				DA1DC4BA293E5C4E00DC5143 /* GraphQL-StarWars.app */,
			);
			name = Products;
			sourceTree = "<group>";
		};
		DA1DC4BC293E5C4E00DC5143 /* GraphQL-StarWars */ = {
			isa = PBXGroup;
			children = (
				DAEC6C43293E60F6000DC018 /* GraphQL */,
				DA1DC4BD293E5C4E00DC5143 /* GraphQL_StarWarsApp.swift */,
				DA1DC4BF293E5C4E00DC5143 /* ContentView.swift */,
				DAEC6C41293E60E1000DC018 /* star-wars-swapi@current.graphqls */,
				DA1DC4C1293E5C5000DC5143 /* Assets.xcassets */,
				DA1DC4C3293E5C5000DC5143 /* Preview Content */,
			);
			path = "GraphQL-StarWars";
			sourceTree = "<group>";
		};
		DA1DC4C3293E5C5000DC5143 /* Preview Content */ = {
			isa = PBXGroup;
			children = (
				DA1DC4C4293E5C5000DC5143 /* Preview Assets.xcassets */,
			);
			path = "Preview Content";
			sourceTree = "<group>";
		};
		DA27ED7D293E640E00BE3AC2 /* Packages */ = {
			isa = PBXGroup;
			children = (
				DA27ED7E293E640E00BE3AC2 /* StarWarsAPI */,
			);
			name = Packages;
			sourceTree = "<group>";
		};
		DA27ED7F293E646100BE3AC2 /* Frameworks */ = {
			isa = PBXGroup;
			children = (
			);
			name = Frameworks;
			sourceTree = "<group>";
		};
		DAEC6C43293E60F6000DC018 /* GraphQL */ = {
			isa = PBXGroup;
			children = (
				DAEC6C44293E611B000DC018 /* Query.graphql */,
				DA27ED82293E654100BE3AC2 /* Network.swift */,
			);
			path = GraphQL;
			sourceTree = "<group>";
		};
/* End PBXGroup section */

/* Begin PBXNativeTarget section */
		DA1DC4B9293E5C4E00DC5143 /* GraphQL-StarWars */ = {
			isa = PBXNativeTarget;
			buildConfigurationList = DA1DC4C8293E5C5000DC5143 /* Build configuration list for PBXNativeTarget "GraphQL-StarWars" */;
			buildPhases = (
				DA1DC4B6293E5C4E00DC5143 /* Sources */,
				DA1DC4B7293E5C4E00DC5143 /* Frameworks */,
				DA1DC4B8293E5C4E00DC5143 /* Resources */,
			);
			buildRules = (
			);
			dependencies = (
			);
			name = "GraphQL-StarWars";
			packageProductDependencies = (
				DA1DC4CC293E5E5700DC5143 /* Apollo */,
				DA27ED80293E646100BE3AC2 /* StarWarsAPI */,
			);
			productName = "GraphQL-StarWars";
			productReference = DA1DC4BA293E5C4E00DC5143 /* GraphQL-StarWars.app */;
			productType = "com.apple.product-type.application";
		};
/* End PBXNativeTarget section */

/* Begin PBXProject section */
		DA1DC4B2293E5C4E00DC5143 /* Project object */ = {
			isa = PBXProject;
			attributes = {
				BuildIndependentTargetsInParallel = 1;
				LastSwiftUpdateCheck = 1410;
				LastUpgradeCheck = 1410;
				TargetAttributes = {
					DA1DC4B9293E5C4E00DC5143 = {
						CreatedOnToolsVersion = 14.1;
					};
				};
			};
			buildConfigurationList = DA1DC4B5293E5C4E00DC5143 /* Build configuration list for PBXProject "GraphQL-StarWars" */;
			compatibilityVersion = "Xcode 14.0";
			developmentRegion = en;
			hasScannedForEncodings = 0;
			knownRegions = (
				en,
				Base,
			);
			mainGroup = DA1DC4B1293E5C4E00DC5143;
			packageReferences = (
				DA1DC4CB293E5E5700DC5143 /* XCRemoteSwiftPackageReference "apollo-ios" */,
			);
			productRefGroup = DA1DC4BB293E5C4E00DC5143 /* Products */;
			projectDirPath = "";
			projectRoot = "";
			targets = (
				DA1DC4B9293E5C4E00DC5143 /* GraphQL-StarWars */,
			);
		};
/* End PBXProject section */

/* Begin PBXResourcesBuildPhase section */
		DA1DC4B8293E5C4E00DC5143 /* Resources */ = {
			isa = PBXResourcesBuildPhase;
			buildActionMask = 2147483647;
			files = (
				DAEC6C45293E611B000DC018 /* Query.graphql in Resources */,
				DAEC6C42293E60E2000DC018 /* star-wars-swapi@current.graphqls in Resources */,
				DA1DC4C5293E5C5000DC5143 /* Preview Assets.xcassets in Resources */,
				DA1DC4C2293E5C5000DC5143 /* Assets.xcassets in Resources */,
			);
			runOnlyForDeploymentPostprocessing = 0;
		};
/* End PBXResourcesBuildPhase section */

/* Begin PBXSourcesBuildPhase section */
		DA1DC4B6293E5C4E00DC5143 /* Sources */ = {
			isa = PBXSourcesBuildPhase;
			buildActionMask = 2147483647;
			files = (
				DA1DC4C0293E5C4E00DC5143 /* ContentView.swift in Sources */,
				DA1DC4BE293E5C4E00DC5143 /* GraphQL_StarWarsApp.swift in Sources */,
				DA27ED83293E654100BE3AC2 /* Network.swift in Sources */,
			);
			runOnlyForDeploymentPostprocessing = 0;
		};
/* End PBXSourcesBuildPhase section */

/* Begin XCBuildConfiguration section */
		DA1DC4C6293E5C5000DC5143 /* Debug */ = {
			isa = XCBuildConfiguration;
			buildSettings = {
				ALWAYS_SEARCH_USER_PATHS = NO;
				CLANG_ANALYZER_NONNULL = YES;
				CLANG_ANALYZER_NUMBER_OBJECT_CONVERSION = YES_AGGRESSIVE;
				CLANG_CXX_LANGUAGE_STANDARD = "gnu++20";
				CLANG_ENABLE_MODULES = YES;
				CLANG_ENABLE_OBJC_ARC = YES;
				CLANG_ENABLE_OBJC_WEAK = YES;
				CLANG_WARN_BLOCK_CAPTURE_AUTORELEASING = YES;
				CLANG_WARN_BOOL_CONVERSION = YES;
				CLANG_WARN_COMMA = YES;
				CLANG_WARN_CONSTANT_CONVERSION = YES;
				CLANG_WARN_DEPRECATED_OBJC_IMPLEMENTATIONS = YES;
				CLANG_WARN_DIRECT_OBJC_ISA_USAGE = YES_ERROR;
				CLANG_WARN_DOCUMENTATION_COMMENTS = YES;
				CLANG_WARN_EMPTY_BODY = YES;
				CLANG_WARN_ENUM_CONVERSION = YES;
				CLANG_WARN_INFINITE_RECURSION = YES;
				CLANG_WARN_INT_CONVERSION = YES;
				CLANG_WARN_NON_LITERAL_NULL_CONVERSION = YES;
				CLANG_WARN_OBJC_IMPLICIT_RETAIN_SELF = YES;
				CLANG_WARN_OBJC_LITERAL_CONVERSION = YES;
				CLANG_WARN_OBJC_ROOT_CLASS = YES_ERROR;
				CLANG_WARN_QUOTED_INCLUDE_IN_FRAMEWORK_HEADER = YES;
				CLANG_WARN_RANGE_LOOP_ANALYSIS = YES;
				CLANG_WARN_STRICT_PROTOTYPES = YES;
				CLANG_WARN_SUSPICIOUS_MOVE = YES;
				CLANG_WARN_UNGUARDED_AVAILABILITY = YES_AGGRESSIVE;
				CLANG_WARN_UNREACHABLE_CODE = YES;
				CLANG_WARN__DUPLICATE_METHOD_MATCH = YES;
				COPY_PHASE_STRIP = NO;
				DEBUG_INFORMATION_FORMAT = dwarf;
				ENABLE_STRICT_OBJC_MSGSEND = YES;
				ENABLE_TESTABILITY = YES;
				GCC_C_LANGUAGE_STANDARD = gnu11;
				GCC_DYNAMIC_NO_PIC = NO;
				GCC_NO_COMMON_BLOCKS = YES;
				GCC_OPTIMIZATION_LEVEL = 0;
				GCC_PREPROCESSOR_DEFINITIONS = (
					"DEBUG=1",
					"$(inherited)",
				);
				GCC_WARN_64_TO_32_BIT_CONVERSION = YES;
				GCC_WARN_ABOUT_RETURN_TYPE = YES_ERROR;
				GCC_WARN_UNDECLARED_SELECTOR = YES;
				GCC_WARN_UNINITIALIZED_AUTOS = YES_AGGRESSIVE;
				GCC_WARN_UNUSED_FUNCTION = YES;
				GCC_WARN_UNUSED_VARIABLE = YES;
				IPHONEOS_DEPLOYMENT_TARGET = 16.1;
				MTL_ENABLE_DEBUG_INFO = INCLUDE_SOURCE;
				MTL_FAST_MATH = YES;
				ONLY_ACTIVE_ARCH = YES;
				SDKROOT = iphoneos;
				SWIFT_ACTIVE_COMPILATION_CONDITIONS = DEBUG;
				SWIFT_OPTIMIZATION_LEVEL = "-Onone";
			};
			name = Debug;
		};
		DA1DC4C7293E5C5000DC5143 /* Release */ = {
			isa = XCBuildConfiguration;
			buildSettings = {
				ALWAYS_SEARCH_USER_PATHS = NO;
				CLANG_ANALYZER_NONNULL = YES;
				CLANG_ANALYZER_NUMBER_OBJECT_CONVERSION = YES_AGGRESSIVE;
				CLANG_CXX_LANGUAGE_STANDARD = "gnu++20";
				CLANG_ENABLE_MODULES = YES;
				CLANG_ENABLE_OBJC_ARC = YES;
				CLANG_ENABLE_OBJC_WEAK = YES;
				CLANG_WARN_BLOCK_CAPTURE_AUTORELEASING = YES;
				CLANG_WARN_BOOL_CONVERSION = YES;
				CLANG_WARN_COMMA = YES;
				CLANG_WARN_CONSTANT_CONVERSION = YES;
				CLANG_WARN_DEPRECATED_OBJC_IMPLEMENTATIONS = YES;
				CLANG_WARN_DIRECT_OBJC_ISA_USAGE = YES_ERROR;
				CLANG_WARN_DOCUMENTATION_COMMENTS = YES;
				CLANG_WARN_EMPTY_BODY = YES;
				CLANG_WARN_ENUM_CONVERSION = YES;
				CLANG_WARN_INFINITE_RECURSION = YES;
				CLANG_WARN_INT_CONVERSION = YES;
				CLANG_WARN_NON_LITERAL_NULL_CONVERSION = YES;
				CLANG_WARN_OBJC_IMPLICIT_RETAIN_SELF = YES;
				CLANG_WARN_OBJC_LITERAL_CONVERSION = YES;
				CLANG_WARN_OBJC_ROOT_CLASS = YES_ERROR;
				CLANG_WARN_QUOTED_INCLUDE_IN_FRAMEWORK_HEADER = YES;
				CLANG_WARN_RANGE_LOOP_ANALYSIS = YES;
				CLANG_WARN_STRICT_PROTOTYPES = YES;
				CLANG_WARN_SUSPICIOUS_MOVE = YES;
				CLANG_WARN_UNGUARDED_AVAILABILITY = YES_AGGRESSIVE;
				CLANG_WARN_UNREACHABLE_CODE = YES;
				CLANG_WARN__DUPLICATE_METHOD_MATCH = YES;
				COPY_PHASE_STRIP = NO;
				DEBUG_INFORMATION_FORMAT = "dwarf-with-dsym";
				ENABLE_NS_ASSERTIONS = NO;
				ENABLE_STRICT_OBJC_MSGSEND = YES;
				GCC_C_LANGUAGE_STANDARD = gnu11;
				GCC_NO_COMMON_BLOCKS = YES;
				GCC_WARN_64_TO_32_BIT_CONVERSION = YES;
				GCC_WARN_ABOUT_RETURN_TYPE = YES_ERROR;
				GCC_WARN_UNDECLARED_SELECTOR = YES;
				GCC_WARN_UNINITIALIZED_AUTOS = YES_AGGRESSIVE;
				GCC_WARN_UNUSED_FUNCTION = YES;
				GCC_WARN_UNUSED_VARIABLE = YES;
				IPHONEOS_DEPLOYMENT_TARGET = 16.1;
				MTL_ENABLE_DEBUG_INFO = NO;
				MTL_FAST_MATH = YES;
				SDKROOT = iphoneos;
				SWIFT_COMPILATION_MODE = wholemodule;
				SWIFT_OPTIMIZATION_LEVEL = "-O";
				VALIDATE_PRODUCT = YES;
			};
			name = Release;
		};
		DA1DC4C9293E5C5000DC5143 /* Debug */ = {
			isa = XCBuildConfiguration;
			buildSettings = {
				ASSETCATALOG_COMPILER_APPICON_NAME = AppIcon;
				ASSETCATALOG_COMPILER_GLOBAL_ACCENT_COLOR_NAME = AccentColor;
				CODE_SIGN_STYLE = Automatic;
				CURRENT_PROJECT_VERSION = 1;
				DEVELOPMENT_ASSET_PATHS = "\"GraphQL-StarWars/Preview Content\"";
				ENABLE_PREVIEWS = YES;
				GENERATE_INFOPLIST_FILE = YES;
				INFOPLIST_KEY_UIApplicationSceneManifest_Generation = YES;
				INFOPLIST_KEY_UIApplicationSupportsIndirectInputEvents = YES;
				INFOPLIST_KEY_UILaunchScreen_Generation = YES;
				INFOPLIST_KEY_UISupportedInterfaceOrientations_iPad = "UIInterfaceOrientationPortrait UIInterfaceOrientationPortraitUpsideDown UIInterfaceOrientationLandscapeLeft UIInterfaceOrientationLandscapeRight";
				INFOPLIST_KEY_UISupportedInterfaceOrientations_iPhone = "UIInterfaceOrientationPortrait UIInterfaceOrientationLandscapeLeft UIInterfaceOrientationLandscapeRight";
				LD_RUNPATH_SEARCH_PATHS = (
					"$(inherited)",
					"@executable_path/Frameworks",
				);
				MARKETING_VERSION = 1.0;
				PRODUCT_BUNDLE_IDENTIFIER = "com.example.apple-samplecode.GraphQL-StarWars";
				PRODUCT_NAME = "$(TARGET_NAME)";
				SWIFT_EMIT_LOC_STRINGS = YES;
				SWIFT_VERSION = 5.0;
				TARGETED_DEVICE_FAMILY = "1,2";
			};
			name = Debug;
		};
		DA1DC4CA293E5C5000DC5143 /* Release */ = {
			isa = XCBuildConfiguration;
			buildSettings = {
				ASSETCATALOG_COMPILER_APPICON_NAME = AppIcon;
				ASSETCATALOG_COMPILER_GLOBAL_ACCENT_COLOR_NAME = AccentColor;
				CODE_SIGN_STYLE = Automatic;
				CURRENT_PROJECT_VERSION = 1;
				DEVELOPMENT_ASSET_PATHS = "\"GraphQL-StarWars/Preview Content\"";
				ENABLE_PREVIEWS = YES;
				GENERATE_INFOPLIST_FILE = YES;
				INFOPLIST_KEY_UIApplicationSceneManifest_Generation = YES;
				INFOPLIST_KEY_UIApplicationSupportsIndirectInputEvents = YES;
				INFOPLIST_KEY_UILaunchScreen_Generation = YES;
				INFOPLIST_KEY_UISupportedInterfaceOrientations_iPad = "UIInterfaceOrientationPortrait UIInterfaceOrientationPortraitUpsideDown UIInterfaceOrientationLandscapeLeft UIInterfaceOrientationLandscapeRight";
				INFOPLIST_KEY_UISupportedInterfaceOrientations_iPhone = "UIInterfaceOrientationPortrait UIInterfaceOrientationLandscapeLeft UIInterfaceOrientationLandscapeRight";
				LD_RUNPATH_SEARCH_PATHS = (
					"$(inherited)",
					"@executable_path/Frameworks",
				);
				MARKETING_VERSION = 1.0;
				PRODUCT_BUNDLE_IDENTIFIER = "com.example.apple-samplecode.GraphQL-StarWars";
				PRODUCT_NAME = "$(TARGET_NAME)";
				SWIFT_EMIT_LOC_STRINGS = YES;
				SWIFT_VERSION = 5.0;
				TARGETED_DEVICE_FAMILY = "1,2";
			};
			name = Release;
		};
/* End XCBuildConfiguration section */

/* Begin XCConfigurationList section */
		DA1DC4B5293E5C4E00DC5143 /* Build configuration list for PBXProject "GraphQL-StarWars" */ = {
			isa = XCConfigurationList;
			buildConfigurations = (
				DA1DC4C6293E5C5000DC5143 /* Debug */,
				DA1DC4C7293E5C5000DC5143 /* Release */,
			);
			defaultConfigurationIsVisible = 0;
			defaultConfigurationName = Release;
		};
		DA1DC4C8293E5C5000DC5143 /* Build configuration list for PBXNativeTarget "GraphQL-StarWars" */ = {
			isa = XCConfigurationList;
			buildConfigurations = (
				DA1DC4C9293E5C5000DC5143 /* Debug */,
				DA1DC4CA293E5C5000DC5143 /* Release */,
			);
			defaultConfigurationIsVisible = 0;
			defaultConfigurationName = Release;
		};
/* End XCConfigurationList section */

/* Begin XCRemoteSwiftPackageReference section */
		DA1DC4CB293E5E5700DC5143 /* XCRemoteSwiftPackageReference "apollo-ios" */ = {
			isa = XCRemoteSwiftPackageReference;
			repositoryURL = "https://github.com/apollographql/apollo-ios.git";
			requirement = {
				kind = upToNextMajorVersion;
				minimumVersion = 1.0.0;
			};
		};
/* End XCRemoteSwiftPackageReference section */

/* Begin XCSwiftPackageProductDependency section */
		DA1DC4CC293E5E5700DC5143 /* Apollo */ = {
			isa = XCSwiftPackageProductDependency;
			package = DA1DC4CB293E5E5700DC5143 /* XCRemoteSwiftPackageReference "apollo-ios" */;
			productName = Apollo;
		};
		DA27ED80293E646100BE3AC2 /* StarWarsAPI */ = {
			isa = XCSwiftPackageProductDependency;
			productName = StarWarsAPI;
		};
/* End XCSwiftPackageProductDependency section */
	};
	rootObject = DA1DC4B2293E5C4E00DC5143 /* Project object */;
}
